
Microsoft Visual Studio Solution File, Format Version 12.00
# Visual Studio Version 17
VisualStudioVersion = 17.4.33205.214
MinimumVisualStudioVersion = 10.0.40219.1
Project("{888888A0-9F3D-457C-B088-3A5042F75D52}") = "BogdanViblyy1", "BogdanViblyy1.pyproj", "{9EA6E9CB-13F6-42BE-A45E-4DCB95F58F7E}"
EndProject
Global
	GlobalSection(SolutionConfigurationPlatforms) = preSolution
		Debug|Any CPU = Debug|Any CPU
		Release|Any CPU = Release|Any CPU
	EndGlobalSection
	GlobalSection(ProjectConfigurationPlatforms) = postSolution
		{9EA6E9CB-13F6-42BE-A45E-4DCB95F58F7E}.Debug|Any CPU.ActiveCfg = Debug|Any CPU
		{9EA6E9CB-13F6-42BE-A45E-4DCB95F58F7E}.Release|Any CPU.ActiveCfg = Release|Any CPU
	EndGlobalSection
	GlobalSection(SolutionProperties) = preSolution
		HideSolutionNode = FALSE
	EndGlobalSection
	GlobalSection(ExtensibilityGlobals) = postSolution
		SolutionGuid = {B00FF4B4-9763-4C17-B0F5-3E1262D48AE6}
	EndGlobalSection
EndGlobal
